# This file is autogenerated, do not edit; changes may be undone by the next 'dep ensure'.


[[projects]]
  branch = "master"
  name = "github.com/go-sql-driver/mysql"
  packages = ["."]
  revision = "3955978caca48c1658a4bb7a9c6a0f084e326af3"

[[projects]]
  branch = "master"
  name = "github.com/sclevine/agouti"
  packages = [".","api","api/internal/bus","api/internal/service","internal/element","internal/target"]
  revision = "6ada53bb069e86f8baf0953d4f0ddac081bc7610"

[solve-meta]
  analyzer-name = "dep"
  analyzer-version = 1
  inputs-digest = "872d868e218966379502f814b34e233251068ae18d4aa8607c2e582c97a35b98"
  solver-name = "gps-cdcl"
  solver-version = 1
